
Microsoft Visual Studio Solution File, Format Version 12.00
# Visual Studio Version 17
VisualStudioVersion = 17.5.33530.505
MinimumVisualStudioVersion = 10.0.40219.1
Project("{FAE04EC0-301F-11D3-BF4B-00C04F79EFBC}") = "abstract factory", "abstract factory\abstract factory.csproj", "{12319883-B5D6-4E2F-A8CE-D3B657C0B8EF}"
EndProject
Global
	GlobalSection(SolutionConfigurationPlatforms) = preSolution
		Debug|Any CPU = Debug|Any CPU
		Release|Any CPU = Release|Any CPU
	EndGlobalSection
	GlobalSection(ProjectConfigurationPlatforms) = postSolution
		{12319883-B5D6-4E2F-A8CE-D3B657C0B8EF}.Debug|Any CPU.ActiveCfg = Debug|Any CPU
		{12319883-B5D6-4E2F-A8CE-D3B657C0B8EF}.Debug|Any CPU.Build.0 = Debug|Any CPU
		{12319883-B5D6-4E2F-A8CE-D3B657C0B8EF}.Release|Any CPU.ActiveCfg = Release|Any CPU
		{12319883-B5D6-4E2F-A8CE-D3B657C0B8EF}.Release|Any CPU.Build.0 = Release|Any CPU
	EndGlobalSection
	GlobalSection(SolutionProperties) = preSolution
		HideSolutionNode = FALSE
	EndGlobalSection
	GlobalSection(ExtensibilityGlobals) = postSolution
		SolutionGuid = {889079D6-0E9F-4631-8930-3F48FD757638}
	EndGlobalSection
EndGlobal
